
Microsoft Visual Studio Solution File, Format Version 12.00
# Visual Studio Version 16
VisualStudioVersion = 16.0.32002.261
MinimumVisualStudioVersion = 10.0.40219.1
Project("{FAE04EC0-301F-11D3-BF4B-00C04F79EFBC}") = "Program to check Strength of Password", "Program to check Strength of Password\Program to check Strength of Password.csproj", "{1E56B7C4-CB9D-4D3E-ACE6-9E50FBD34A12}"
EndProject
Global
	GlobalSection(SolutionConfigurationPlatforms) = preSolution
		Debug|Any CPU = Debug|Any CPU
		Release|Any CPU = Release|Any CPU
	EndGlobalSection
	GlobalSection(ProjectConfigurationPlatforms) = postSolution
		{1E56B7C4-CB9D-4D3E-ACE6-9E50FBD34A12}.Debug|Any CPU.ActiveCfg = Debug|Any CPU
		{1E56B7C4-CB9D-4D3E-ACE6-9E50FBD34A12}.Debug|Any CPU.Build.0 = Debug|Any CPU
		{1E56B7C4-CB9D-4D3E-ACE6-9E50FBD34A12}.Release|Any CPU.ActiveCfg = Release|Any CPU
		{1E56B7C4-CB9D-4D3E-ACE6-9E50FBD34A12}.Release|Any CPU.Build.0 = Release|Any CPU
	EndGlobalSection
	GlobalSection(SolutionProperties) = preSolution
		HideSolutionNode = FALSE
	EndGlobalSection
	GlobalSection(ExtensibilityGlobals) = postSolution
		SolutionGuid = {F534F113-6E4C-4054-AD12-F743DD9C362B}
	EndGlobalSection
EndGlobal
